
Microsoft Visual Studio Solution File, Format Version 12.00
# Visual Studio Version 17
VisualStudioVersion = 17.13.35931.197 d17.13
MinimumVisualStudioVersion = 10.0.40219.1
Project("{FAE04EC0-301F-11D3-BF4B-00C04F79EFBC}") = "RestaurantMVC", "RestaurantMVC.csproj", "{0C02A03D-95C5-4C1B-B351-32355870062E}"
EndProject
Global
	GlobalSection(SolutionConfigurationPlatforms) = preSolution
		Debug|Any CPU = Debug|Any CPU
		Release|Any CPU = Release|Any CPU
	EndGlobalSection
	GlobalSection(ProjectConfigurationPlatforms) = postSolution
		{0C02A03D-95C5-4C1B-B351-32355870062E}.Debug|Any CPU.ActiveCfg = Debug|Any CPU
		{0C02A03D-95C5-4C1B-B351-32355870062E}.Debug|Any CPU.Build.0 = Debug|Any CPU
		{0C02A03D-95C5-4C1B-B351-32355870062E}.Release|Any CPU.ActiveCfg = Release|Any CPU
		{0C02A03D-95C5-4C1B-B351-32355870062E}.Release|Any CPU.Build.0 = Release|Any CPU
	EndGlobalSection
	GlobalSection(SolutionProperties) = preSolution
		HideSolutionNode = FALSE
	EndGlobalSection
	GlobalSection(ExtensibilityGlobals) = postSolution
		SolutionGuid = {F75A7BFE-06D2-403F-93D9-47C7E495EE40}
	EndGlobalSection
EndGlobal
